// !$*UTF8*$!
{
	archiveVersion = 1;
	classes = {
	};
	objectVersion = 50;
	objects = {

/* Begin PBXBuildFile section */
		9251828C23C98551001BC9FD /* ColorTestTests.swift in Sources */ = {isa = PBXBuildFile; fileRef = 9251828B23C98551001BC9FD /* ColorTestTests.swift */; };
		9251829423C98576001BC9FD /* ColorsTests.swift in Sources */ = {isa = PBXBuildFile; fileRef = 9251829323C98576001BC9FD /* ColorsTests.swift */; };
		9260178F23C97CFC00F295ED /* KimColor.swift in Sources */ = {isa = PBXBuildFile; fileRef = 9260178E23C97CFC00F295ED /* KimColor.swift */; };
		9287325B23A4B8A4008A7872 /* AppDelegate.swift in Sources */ = {isa = PBXBuildFile; fileRef = 9287325A23A4B8A4008A7872 /* AppDelegate.swift */; };
		9287325D23A4B8A4008A7872 /* SceneDelegate.swift in Sources */ = {isa = PBXBuildFile; fileRef = 9287325C23A4B8A4008A7872 /* SceneDelegate.swift */; };
		9287325F23A4B8A4008A7872 /* ViewController.swift in Sources */ = {isa = PBXBuildFile; fileRef = 9287325E23A4B8A4008A7872 /* ViewController.swift */; };
		9287326223A4B8A4008A7872 /* Main.storyboard in Resources */ = {isa = PBXBuildFile; fileRef = 9287326023A4B8A4008A7872 /* Main.storyboard */; };
		9287326423A4B8A7008A7872 /* Assets.xcassets in Resources */ = {isa = PBXBuildFile; fileRef = 9287326323A4B8A7008A7872 /* Assets.xcassets */; };
		9287326723A4B8A7008A7872 /* LaunchScreen.storyboard in Resources */ = {isa = PBXBuildFile; fileRef = 9287326523A4B8A7008A7872 /* LaunchScreen.storyboard */; };
		92A2DC8923C6D2FB005CE001 /* ResultViewController.swift in Sources */ = {isa = PBXBuildFile; fileRef = 92A2DC8823C6D2FB005CE001 /* ResultViewController.swift */; };
/* End PBXBuildFile section */

/* Begin PBXContainerItemProxy section */
		9251828E23C98551001BC9FD /* PBXContainerItemProxy */ = {
			isa = PBXContainerItemProxy;
			containerPortal = 9287324F23A4B8A4008A7872 /* Project object */;
			proxyType = 1;
			remoteGlobalIDString = 9287325623A4B8A4008A7872;
			remoteInfo = ColorTest;
		};
/* End PBXContainerItemProxy section */

/* Begin PBXFileReference section */
		9251828923C98551001BC9FD /* ColorTestTests.xctest */ = {isa = PBXFileReference; explicitFileType = wrapper.cfbundle; includeInIndex = 0; path = ColorTestTests.xctest; sourceTree = BUILT_PRODUCTS_DIR; };
		9251828B23C98551001BC9FD /* ColorTestTests.swift */ = {isa = PBXFileReference; lastKnownFileType = sourcecode.swift; path = ColorTestTests.swift; sourceTree = "<group>"; };
		9251828D23C98551001BC9FD /* Info.plist */ = {isa = PBXFileReference; lastKnownFileType = text.plist.xml; path = Info.plist; sourceTree = "<group>"; };
		9251829323C98576001BC9FD /* ColorsTests.swift */ = {isa = PBXFileReference; lastKnownFileType = sourcecode.swift; path = ColorsTests.swift; sourceTree = "<group>"; };
		9260178E23C97CFC00F295ED /* KimColor.swift */ = {isa = PBXFileReference; lastKnownFileType = sourcecode.swift; path = KimColor.swift; sourceTree = "<group>"; };
		9287325723A4B8A4008A7872 /* ColorTest.app */ = {isa = PBXFileReference; explicitFileType = wrapper.application; includeInIndex = 0; path = ColorTest.app; sourceTree = BUILT_PRODUCTS_DIR; };
		9287325A23A4B8A4008A7872 /* AppDelegate.swift */ = {isa = PBXFileReference; lastKnownFileType = sourcecode.swift; path = AppDelegate.swift; sourceTree = "<group>"; };
		9287325C23A4B8A4008A7872 /* SceneDelegate.swift */ = {isa = PBXFileReference; lastKnownFileType = sourcecode.swift; path = SceneDelegate.swift; sourceTree = "<group>"; };
		9287325E23A4B8A4008A7872 /* ViewController.swift */ = {isa = PBXFileReference; lastKnownFileType = sourcecode.swift; path = ViewController.swift; sourceTree = "<group>"; };
		9287326123A4B8A4008A7872 /* Base */ = {isa = PBXFileReference; lastKnownFileType = file.storyboard; name = Base; path = Base.lproj/Main.storyboard; sourceTree = "<group>"; };
		9287326323A4B8A7008A7872 /* Assets.xcassets */ = {isa = PBXFileReference; lastKnownFileType = folder.assetcatalog; path = Assets.xcassets; sourceTree = "<group>"; };
		9287326623A4B8A7008A7872 /* Base */ = {isa = PBXFileReference; lastKnownFileType = file.storyboard; name = Base; path = Base.lproj/LaunchScreen.storyboard; sourceTree = "<group>"; };
		9287326823A4B8A7008A7872 /* Info.plist */ = {isa = PBXFileReference; lastKnownFileType = text.plist.xml; path = Info.plist; sourceTree = "<group>"; };
		92A2DC8823C6D2FB005CE001 /* ResultViewController.swift */ = {isa = PBXFileReference; lastKnownFileType = sourcecode.swift; path = ResultViewController.swift; sourceTree = "<group>"; };
/* End PBXFileReference section */

/* Begin PBXFrameworksBuildPhase section */
		9251828623C98551001BC9FD /* Frameworks */ = {
			isa = PBXFrameworksBuildPhase;
			buildActionMask = 2147483647;
			files = (
			);
			runOnlyForDeploymentPostprocessing = 0;
		};
		9287325423A4B8A4008A7872 /* Frameworks */ = {
			isa = PBXFrameworksBuildPhase;
			buildActionMask = 2147483647;
			files = (
			);
			runOnlyForDeploymentPostprocessing = 0;
		};
/* End PBXFrameworksBuildPhase section */

/* Begin PBXGroup section */
		9251828A23C98551001BC9FD /* ColorTestTests */ = {
			isa = PBXGroup;
			children = (
				9251828B23C98551001BC9FD /* ColorTestTests.swift */,
				9251829323C98576001BC9FD /* ColorsTests.swift */,
				9251828D23C98551001BC9FD /* Info.plist */,
			);
			path = ColorTestTests;
			sourceTree = "<group>";
		};
		9287324E23A4B8A4008A7872 = {
			isa = PBXGroup;
			children = (
				9287325923A4B8A4008A7872 /* ColorTest */,
				9251828A23C98551001BC9FD /* ColorTestTests */,
				9287325823A4B8A4008A7872 /* Products */,
			);
			sourceTree = "<group>";
		};
		9287325823A4B8A4008A7872 /* Products */ = {
			isa = PBXGroup;
			children = (
				9287325723A4B8A4008A7872 /* ColorTest.app */,
				9251828923C98551001BC9FD /* ColorTestTests.xctest */,
			);
			name = Products;
			sourceTree = "<group>";
		};
		9287325923A4B8A4008A7872 /* ColorTest */ = {
			isa = PBXGroup;
			children = (
				9287325A23A4B8A4008A7872 /* AppDelegate.swift */,
				9287325C23A4B8A4008A7872 /* SceneDelegate.swift */,
				9287325E23A4B8A4008A7872 /* ViewController.swift */,
				9260178E23C97CFC00F295ED /* KimColor.swift */,
				92A2DC8823C6D2FB005CE001 /* ResultViewController.swift */,
				9287326023A4B8A4008A7872 /* Main.storyboard */,
				9287326323A4B8A7008A7872 /* Assets.xcassets */,
				9287326523A4B8A7008A7872 /* LaunchScreen.storyboard */,
				9287326823A4B8A7008A7872 /* Info.plist */,
			);
			path = ColorTest;
			sourceTree = "<group>";
		};
/* End PBXGroup section */

/* Begin PBXNativeTarget section */
		9251828823C98551001BC9FD /* ColorTestTests */ = {
			isa = PBXNativeTarget;
			buildConfigurationList = 9251829023C98551001BC9FD /* Build configuration list for PBXNativeTarget "ColorTestTests" */;
			buildPhases = (
				9251828523C98551001BC9FD /* Sources */,
				9251828623C98551001BC9FD /* Frameworks */,
				9251828723C98551001BC9FD /* Resources */,
			);
			buildRules = (
			);
			dependencies = (
				9251828F23C98551001BC9FD /* PBXTargetDependency */,
			);
			name = ColorTestTests;
			productName = ColorTestTests;
			productReference = 9251828923C98551001BC9FD /* ColorTestTests.xctest */;
			productType = "com.apple.product-type.bundle.unit-test";
		};
		9287325623A4B8A4008A7872 /* ColorTest */ = {
			isa = PBXNativeTarget;
			buildConfigurationList = 9287326B23A4B8A7008A7872 /* Build configuration list for PBXNativeTarget "ColorTest" */;
			buildPhases = (
				9287325323A4B8A4008A7872 /* Sources */,
				9287325423A4B8A4008A7872 /* Frameworks */,
				9287325523A4B8A4008A7872 /* Resources */,
			);
			buildRules = (
			);
			dependencies = (
			);
			name = ColorTest;
			productName = ColorTest;
			productReference = 9287325723A4B8A4008A7872 /* ColorTest.app */;
			productType = "com.apple.product-type.application";
		};
/* End PBXNativeTarget section */

/* Begin PBXProject section */
		9287324F23A4B8A4008A7872 /* Project object */ = {
			isa = PBXProject;
			attributes = {
				LastSwiftUpdateCheck = 1130;
				LastUpgradeCheck = 1120;
				ORGANIZATIONNAME = "Kim Yeon Jeong";
				TargetAttributes = {
					9251828823C98551001BC9FD = {
						CreatedOnToolsVersion = 11.3;
						TestTargetID = 9287325623A4B8A4008A7872;
					};
					9287325623A4B8A4008A7872 = {
						CreatedOnToolsVersion = 11.2.1;
					};
				};
			};
			buildConfigurationList = 9287325223A4B8A4008A7872 /* Build configuration list for PBXProject "ColorTest" */;
			compatibilityVersion = "Xcode 9.3";
			developmentRegion = en;
			hasScannedForEncodings = 0;
			knownRegions = (
				en,
				Base,
			);
			mainGroup = 9287324E23A4B8A4008A7872;
			productRefGroup = 9287325823A4B8A4008A7872 /* Products */;
			projectDirPath = "";
			projectRoot = "";
			targets = (
				9287325623A4B8A4008A7872 /* ColorTest */,
				9251828823C98551001BC9FD /* ColorTestTests */,
			);
		};
/* End PBXProject section */

/* Begin PBXResourcesBuildPhase section */
		9251828723C98551001BC9FD /* Resources */ = {
			isa = PBXResourcesBuildPhase;
			buildActionMask = 2147483647;
			files = (
			);
			runOnlyForDeploymentPostprocessing = 0;
		};
		9287325523A4B8A4008A7872 /* Resources */ = {
			isa = PBXResourcesBuildPhase;
			buildActionMask = 2147483647;
			files = (
				9287326723A4B8A7008A7872 /* LaunchScreen.storyboard in Resources */,
				9287326423A4B8A7008A7872 /* Assets.xcassets in Resources */,
				9287326223A4B8A4008A7872 /* Main.storyboard in Resources */,
			);
			runOnlyForDeploymentPostprocessing = 0;
		};
/* End PBXResourcesBuildPhase section */

/* Begin PBXSourcesBuildPhase section */
		9251828523C98551001BC9FD /* Sources */ = {
			isa = PBXSourcesBuildPhase;
			buildActionMask = 2147483647;
			files = (
				9251828C23C98551001BC9FD /* ColorTestTests.swift in Sources */,
				9251829423C98576001BC9FD /* ColorsTests.swift in Sources */,
			);
			runOnlyForDeploymentPostprocessing = 0;
		};
		9287325323A4B8A4008A7872 /* Sources */ = {
			isa = PBXSourcesBuildPhase;
			buildActionMask = 2147483647;
			files = (
				9287325F23A4B8A4008A7872 /* ViewController.swift in Sources */,
				9287325B23A4B8A4008A7872 /* AppDelegate.swift in Sources */,
				92A2DC8923C6D2FB005CE001 /* ResultViewController.swift in Sources */,
				9260178F23C97CFC00F295ED /* KimColor.swift in Sources */,
				9287325D23A4B8A4008A7872 /* SceneDelegate.swift in Sources */,
			);
			runOnlyForDeploymentPostprocessing = 0;
		};
/* End PBXSourcesBuildPhase section */

/* Begin PBXTargetDependency section */
		9251828F23C98551001BC9FD /* PBXTargetDependency */ = {
			isa = PBXTargetDependency;
			target = 9287325623A4B8A4008A7872 /* ColorTest */;
			targetProxy = 9251828E23C98551001BC9FD /* PBXContainerItemProxy */;
		};
/* End PBXTargetDependency section */

/* Begin PBXVariantGroup section */
		9287326023A4B8A4008A7872 /* Main.storyboard */ = {
			isa = PBXVariantGroup;
			children = (
				9287326123A4B8A4008A7872 /* Base */,
			);
			name = Main.storyboard;
			sourceTree = "<group>";
		};
		9287326523A4B8A7008A7872 /* LaunchScreen.storyboard */ = {
			isa = PBXVariantGroup;
			children = (
				9287326623A4B8A7008A7872 /* Base */,
			);
			name = LaunchScreen.storyboard;
			sourceTree = "<group>";
		};
/* End PBXVariantGroup section */

/* Begin XCBuildConfiguration section */
		9251829123C98551001BC9FD /* Debug */ = {
			isa = XCBuildConfiguration;
			buildSettings = {
				BUNDLE_LOADER = "$(TEST_HOST)";
				CODE_SIGN_STYLE = Automatic;
				DEVELOPMENT_TEAM = 8Z2W5ZDA6N;
				INFOPLIST_FILE = ColorTestTests/Info.plist;
				LD_RUNPATH_SEARCH_PATHS = (
					"$(inherited)",
					"@executable_path/Frameworks",
					"@loader_path/Frameworks",
				);
				PRODUCT_BUNDLE_IDENTIFIER = com.meibanfa.ColorTestTests;
				PRODUCT_NAME = "$(TARGET_NAME)";
				SWIFT_VERSION = 5.0;
				TARGETED_DEVICE_FAMILY = "1,2";
				TEST_HOST = "$(BUILT_PRODUCTS_DIR)/ColorTest.app/ColorTest";
			};
			name = Debug;
		};
		9251829223C98551001BC9FD /* Release */ = {
			isa = XCBuildConfiguration;
			buildSettings = {
				BUNDLE_LOADER = "$(TEST_HOST)";
				CODE_SIGN_STYLE = Automatic;
				DEVELOPMENT_TEAM = 8Z2W5ZDA6N;
				INFOPLIST_FILE = ColorTestTests/Info.plist;
				LD_RUNPATH_SEARCH_PATHS = (
					"$(inherited)",
					"@executable_path/Frameworks",
					"@loader_path/Frameworks",
				);
				PRODUCT_BUNDLE_IDENTIFIER = com.meibanfa.ColorTestTests;
				PRODUCT_NAME = "$(TARGET_NAME)";
				SWIFT_VERSION = 5.0;
				TARGETED_DEVICE_FAMILY = "1,2";
				TEST_HOST = "$(BUILT_PRODUCTS_DIR)/ColorTest.app/ColorTest";
			};
			name = Release;
		};
		9287326923A4B8A7008A7872 /* Debug */ = {
			isa = XCBuildConfiguration;
			buildSettings = {
				ALWAYS_SEARCH_USER_PATHS = NO;
				CLANG_ANALYZER_NONNULL = YES;
				CLANG_ANALYZER_NUMBER_OBJECT_CONVERSION = YES_AGGRESSIVE;
				CLANG_CXX_LANGUAGE_STANDARD = "gnu++14";
				CLANG_CXX_LIBRARY = "libc++";
				CLANG_ENABLE_MODULES = YES;
				CLANG_ENABLE_OBJC_ARC = YES;
				CLANG_ENABLE_OBJC_WEAK = YES;
				CLANG_WARN_BLOCK_CAPTURE_AUTORELEASING = YES;
				CLANG_WARN_BOOL_CONVERSION = YES;
				CLANG_WARN_COMMA = YES;
				CLANG_WARN_CONSTANT_CONVERSION = YES;
				CLANG_WARN_DEPRECATED_OBJC_IMPLEMENTATIONS = YES;
				CLANG_WARN_DIRECT_OBJC_ISA_USAGE = YES_ERROR;
				CLANG_WARN_DOCUMENTATION_COMMENTS = YES;
				CLANG_WARN_EMPTY_BODY = YES;
				CLANG_WARN_ENUM_CONVERSION = YES;
				CLANG_WARN_INFINITE_RECURSION = YES;
				CLANG_WARN_INT_CONVERSION = YES;
				CLANG_WARN_NON_LITERAL_NULL_CONVERSION = YES;
				CLANG_WARN_OBJC_IMPLICIT_RETAIN_SELF = YES;
				CLANG_WARN_OBJC_LITERAL_CONVERSION = YES;
				CLANG_WARN_OBJC_ROOT_CLASS = YES_ERROR;
				CLANG_WARN_RANGE_LOOP_ANALYSIS = YES;
				CLANG_WARN_STRICT_PROTOTYPES = YES;
				CLANG_WARN_SUSPICIOUS_MOVE = YES;
				CLANG_WARN_UNGUARDED_AVAILABILITY = YES_AGGRESSIVE;
				CLANG_WARN_UNREACHABLE_CODE = YES;
				CLANG_WARN__DUPLICATE_METHOD_MATCH = YES;
				COPY_PHASE_STRIP = NO;
				DEBUG_INFORMATION_FORMAT = dwarf;
				ENABLE_STRICT_OBJC_MSGSEND = YES;
				ENABLE_TESTABILITY = YES;
				GCC_C_LANGUAGE_STANDARD = gnu11;
				GCC_DYNAMIC_NO_PIC = NO;
				GCC_NO_COMMON_BLOCKS = YES;
				GCC_OPTIMIZATION_LEVEL = 0;
				GCC_PREPROCESSOR_DEFINITIONS = (
					"DEBUG=1",
					"$(inherited)",
				);
				GCC_WARN_64_TO_32_BIT_CONVERSION = YES;
				GCC_WARN_ABOUT_RETURN_TYPE = YES_ERROR;
				GCC_WARN_UNDECLARED_SELECTOR = YES;
				GCC_WARN_UNINITIALIZED_AUTOS = YES_AGGRESSIVE;
				GCC_WARN_UNUSED_FUNCTION = YES;
				GCC_WARN_UNUSED_VARIABLE = YES;
				IPHONEOS_DEPLOYMENT_TARGET = 13.2;
				MTL_ENABLE_DEBUG_INFO = INCLUDE_SOURCE;
				MTL_FAST_MATH = YES;
				ONLY_ACTIVE_ARCH = YES;
				SDKROOT = iphoneos;
				SWIFT_ACTIVE_COMPILATION_CONDITIONS = DEBUG;
				SWIFT_OPTIMIZATION_LEVEL = "-Onone";
			};
			name = Debug;
		};
		9287326A23A4B8A7008A7872 /* Release */ = {
			isa = XCBuildConfiguration;
			buildSettings = {
				ALWAYS_SEARCH_USER_PATHS = NO;
				CLANG_ANALYZER_NONNULL = YES;
				CLANG_ANALYZER_NUMBER_OBJECT_CONVERSION = YES_AGGRESSIVE;
				CLANG_CXX_LANGUAGE_STANDARD = "gnu++14";
				CLANG_CXX_LIBRARY = "libc++";
				CLANG_ENABLE_MODULES = YES;
				CLANG_ENABLE_OBJC_ARC = YES;
				CLANG_ENABLE_OBJC_WEAK = YES;
				CLANG_WARN_BLOCK_CAPTURE_AUTORELEASING = YES;
				CLANG_WARN_BOOL_CONVERSION = YES;
				CLANG_WARN_COMMA = YES;
				CLANG_WARN_CONSTANT_CONVERSION = YES;
				CLANG_WARN_DEPRECATED_OBJC_IMPLEMENTATIONS = YES;
				CLANG_WARN_DIRECT_OBJC_ISA_USAGE = YES_ERROR;
				CLANG_WARN_DOCUMENTATION_COMMENTS = YES;
				CLANG_WARN_EMPTY_BODY = YES;
				CLANG_WARN_ENUM_CONVERSION = YES;
				CLANG_WARN_INFINITE_RECURSION = YES;
				CLANG_WARN_INT_CONVERSION = YES;
				CLANG_WARN_NON_LITERAL_NULL_CONVERSION = YES;
				CLANG_WARN_OBJC_IMPLICIT_RETAIN_SELF = YES;
				CLANG_WARN_OBJC_LITERAL_CONVERSION = YES;
				CLANG_WARN_OBJC_ROOT_CLASS = YES_ERROR;
				CLANG_WARN_RANGE_LOOP_ANALYSIS = YES;
				CLANG_WARN_STRICT_PROTOTYPES = YES;
				CLANG_WARN_SUSPICIOUS_MOVE = YES;
				CLANG_WARN_UNGUARDED_AVAILABILITY = YES_AGGRESSIVE;
				CLANG_WARN_UNREACHABLE_CODE = YES;
				CLANG_WARN__DUPLICATE_METHOD_MATCH = YES;
				COPY_PHASE_STRIP = NO;
				DEBUG_INFORMATION_FORMAT = "dwarf-with-dsym";
				ENABLE_NS_ASSERTIONS = NO;
				ENABLE_STRICT_OBJC_MSGSEND = YES;
				GCC_C_LANGUAGE_STANDARD = gnu11;
				GCC_NO_COMMON_BLOCKS = YES;
				GCC_WARN_64_TO_32_BIT_CONVERSION = YES;
				GCC_WARN_ABOUT_RETURN_TYPE = YES_ERROR;
				GCC_WARN_UNDECLARED_SELECTOR = YES;
				GCC_WARN_UNINITIALIZED_AUTOS = YES_AGGRESSIVE;
				GCC_WARN_UNUSED_FUNCTION = YES;
				GCC_WARN_UNUSED_VARIABLE = YES;
				IPHONEOS_DEPLOYMENT_TARGET = 13.2;
				MTL_ENABLE_DEBUG_INFO = NO;
				MTL_FAST_MATH = YES;
				SDKROOT = iphoneos;
				SWIFT_COMPILATION_MODE = wholemodule;
				SWIFT_OPTIMIZATION_LEVEL = "-O";
				VALIDATE_PRODUCT = YES;
			};
			name = Release;
		};
		9287326C23A4B8A7008A7872 /* Debug */ = {
			isa = XCBuildConfiguration;
			buildSettings = {
				ASSETCATALOG_COMPILER_APPICON_NAME = AppIcon;
				CODE_SIGN_STYLE = Automatic;
				DEVELOPMENT_TEAM = 8Z2W5ZDA6N;
				INFOPLIST_FILE = ColorTest/Info.plist;
				LD_RUNPATH_SEARCH_PATHS = (
					"$(inherited)",
					"@executable_path/Frameworks",
				);
				PRODUCT_BUNDLE_IDENTIFIER = com.meibanfa.ColorTest;
				PRODUCT_NAME = "$(TARGET_NAME)";
				SWIFT_VERSION = 5.0;
				TARGETED_DEVICE_FAMILY = "1,2";
			};
			name = Debug;
		};
		9287326D23A4B8A7008A7872 /* Release */ = {
			isa = XCBuildConfiguration;
			buildSettings = {
				ASSETCATALOG_COMPILER_APPICON_NAME = AppIcon;
				CODE_SIGN_STYLE = Automatic;
				DEVELOPMENT_TEAM = 8Z2W5ZDA6N;
				INFOPLIST_FILE = ColorTest/Info.plist;
				LD_RUNPATH_SEARCH_PATHS = (
					"$(inherited)",
					"@executable_path/Frameworks",
				);
				PRODUCT_BUNDLE_IDENTIFIER = com.meibanfa.ColorTest;
				PRODUCT_NAME = "$(TARGET_NAME)";
				SWIFT_VERSION = 5.0;
				TARGETED_DEVICE_FAMILY = "1,2";
			};
			name = Release;
		};
/* End XCBuildConfiguration section */

/* Begin XCConfigurationList section */
		9251829023C98551001BC9FD /* Build configuration list for PBXNativeTarget "ColorTestTests" */ = {
			isa = XCConfigurationList;
			buildConfigurations = (
				9251829123C98551001BC9FD /* Debug */,
				9251829223C98551001BC9FD /* Release */,
			);
			defaultConfigurationIsVisible = 0;
			defaultConfigurationName = Release;
		};
		9287325223A4B8A4008A7872 /* Build configuration list for PBXProject "ColorTest" */ = {
			isa = XCConfigurationList;
			buildConfigurations = (
				9287326923A4B8A7008A7872 /* Debug */,
				9287326A23A4B8A7008A7872 /* Release */,
			);
			defaultConfigurationIsVisible = 0;
			defaultConfigurationName = Release;
		};
		9287326B23A4B8A7008A7872 /* Build configuration list for PBXNativeTarget "ColorTest" */ = {
			isa = XCConfigurationList;
			buildConfigurations = (
				9287326C23A4B8A7008A7872 /* Debug */,
				9287326D23A4B8A7008A7872 /* Release */,
			);
			defaultConfigurationIsVisible = 0;
			defaultConfigurationName = Release;
		};
/* End XCConfigurationList section */
	};
	rootObject = 9287324F23A4B8A4008A7872 /* Project object */;
}
